
Microsoft Visual Studio Solution File, Format Version 12.00
# Visual Studio 14
VisualStudioVersion = 14.0.25420.1
MinimumVisualStudioVersion = 10.0.40219.1
Project("{2150E333-8FDC-42A3-9474-1A3956D46DE8}") = "src", "src", "{16A3A9BC-FEE2-478D-A1A6-0DB5E5074E93}"
EndProject
Project("{2150E333-8FDC-42A3-9474-1A3956D46DE8}") = "Solution Items", "Solution Items", "{802BE4CA-DA6E-425C-AD04-1CC231CA89BA}"
	ProjectSection(SolutionItems) = preProject
		global.json = global.json
	EndProjectSection
EndProject
Project("{8BB2217D-0F2D-49D1-97BC-3654ED321F3B}") = "mphdict", "src\mphdict\mphdict.xproj", "{E96366BC-21CC-489F-BBEC-F7491B5728EF}"
EndProject
Project("{8BB2217D-0F2D-49D1-97BC-3654ED321F3B}") = "mphcon", "src\mphcon\mphcon.xproj", "{FC000FB0-3AD9-471E-936B-FA2EDDEDEE7A}"
EndProject
Project("{8BB2217D-0F2D-49D1-97BC-3654ED321F3B}") = "mphweb", "src\mphweb\mphweb.xproj", "{ECF96C11-7D31-4CBC-B7E7-48E6DFE0F582}"
EndProject
Project("{8BB2217D-0F2D-49D1-97BC-3654ED321F3B}") = "generalTypes", "src\generalTypes\generalTypes.xproj", "{0313BBCA-2849-4BD5-B4CB-96F59D449A70}"
EndProject
Project("{8BB2217D-0F2D-49D1-97BC-3654ED321F3B}") = "txtoolscore", "src\txtools\txtoolscore.xproj", "{866D72EB-B4A2-4429-8F60-3F276B3986D5}"
EndProject
Global
	GlobalSection(SolutionConfigurationPlatforms) = preSolution
		Debug|Any CPU = Debug|Any CPU
		Release|Any CPU = Release|Any CPU
	EndGlobalSection
	GlobalSection(ProjectConfigurationPlatforms) = postSolution
		{E96366BC-21CC-489F-BBEC-F7491B5728EF}.Debug|Any CPU.ActiveCfg = Debug|Any CPU
		{E96366BC-21CC-489F-BBEC-F7491B5728EF}.Debug|Any CPU.Build.0 = Debug|Any CPU
		{E96366BC-21CC-489F-BBEC-F7491B5728EF}.Release|Any CPU.ActiveCfg = Release|Any CPU
		{E96366BC-21CC-489F-BBEC-F7491B5728EF}.Release|Any CPU.Build.0 = Release|Any CPU
		{FC000FB0-3AD9-471E-936B-FA2EDDEDEE7A}.Debug|Any CPU.ActiveCfg = Debug|Any CPU
		{FC000FB0-3AD9-471E-936B-FA2EDDEDEE7A}.Debug|Any CPU.Build.0 = Debug|Any CPU
		{FC000FB0-3AD9-471E-936B-FA2EDDEDEE7A}.Release|Any CPU.ActiveCfg = Release|Any CPU
		{FC000FB0-3AD9-471E-936B-FA2EDDEDEE7A}.Release|Any CPU.Build.0 = Release|Any CPU
		{ECF96C11-7D31-4CBC-B7E7-48E6DFE0F582}.Debug|Any CPU.ActiveCfg = Debug|Any CPU
		{ECF96C11-7D31-4CBC-B7E7-48E6DFE0F582}.Debug|Any CPU.Build.0 = Debug|Any CPU
		{ECF96C11-7D31-4CBC-B7E7-48E6DFE0F582}.Release|Any CPU.ActiveCfg = Release|Any CPU
		{ECF96C11-7D31-4CBC-B7E7-48E6DFE0F582}.Release|Any CPU.Build.0 = Release|Any CPU
		{0313BBCA-2849-4BD5-B4CB-96F59D449A70}.Debug|Any CPU.ActiveCfg = Debug|Any CPU
		{0313BBCA-2849-4BD5-B4CB-96F59D449A70}.Debug|Any CPU.Build.0 = Debug|Any CPU
		{0313BBCA-2849-4BD5-B4CB-96F59D449A70}.Release|Any CPU.ActiveCfg = Release|Any CPU
		{0313BBCA-2849-4BD5-B4CB-96F59D449A70}.Release|Any CPU.Build.0 = Release|Any CPU
		{866D72EB-B4A2-4429-8F60-3F276B3986D5}.Debug|Any CPU.ActiveCfg = Debug|Any CPU
		{866D72EB-B4A2-4429-8F60-3F276B3986D5}.Debug|Any CPU.Build.0 = Debug|Any CPU
		{866D72EB-B4A2-4429-8F60-3F276B3986D5}.Release|Any CPU.ActiveCfg = Release|Any CPU
		{866D72EB-B4A2-4429-8F60-3F276B3986D5}.Release|Any CPU.Build.0 = Release|Any CPU
	EndGlobalSection
	GlobalSection(SolutionProperties) = preSolution
		HideSolutionNode = FALSE
	EndGlobalSection
	GlobalSection(NestedProjects) = preSolution
		{E96366BC-21CC-489F-BBEC-F7491B5728EF} = {16A3A9BC-FEE2-478D-A1A6-0DB5E5074E93}
		{FC000FB0-3AD9-471E-936B-FA2EDDEDEE7A} = {16A3A9BC-FEE2-478D-A1A6-0DB5E5074E93}
		{ECF96C11-7D31-4CBC-B7E7-48E6DFE0F582} = {16A3A9BC-FEE2-478D-A1A6-0DB5E5074E93}
		{0313BBCA-2849-4BD5-B4CB-96F59D449A70} = {16A3A9BC-FEE2-478D-A1A6-0DB5E5074E93}
		{866D72EB-B4A2-4429-8F60-3F276B3986D5} = {16A3A9BC-FEE2-478D-A1A6-0DB5E5074E93}
	EndGlobalSection
EndGlobal
